
Microsoft Visual Studio Solution File, Format Version 12.00
# Visual Studio Version 16
VisualStudioVersion = 16.0.30114.105
MinimumVisualStudioVersion = 10.0.40219.1
Project("{FAE04EC0-301F-11D3-BF4B-00C04F79EFBC}") = "Powermail", "Powermail\Powermail.csproj", "{96E48A4D-FE4E-4D6D-89E4-F820A3876B60}"
EndProject
Project("{FAE04EC0-301F-11D3-BF4B-00C04F79EFBC}") = "Powermail.Tests", "Powermail.Tests\Powermail.Tests.csproj", "{8B6DA161-CE29-40DD-AAA3-3C2C80C09C6C}"
EndProject
Global
	GlobalSection(SolutionConfigurationPlatforms) = preSolution
		Debug|Any CPU = Debug|Any CPU
		Release|Any CPU = Release|Any CPU
	EndGlobalSection
	GlobalSection(SolutionProperties) = preSolution
		HideSolutionNode = FALSE
	EndGlobalSection
	GlobalSection(ProjectConfigurationPlatforms) = postSolution
		{96E48A4D-FE4E-4D6D-89E4-F820A3876B60}.Debug|Any CPU.ActiveCfg = Debug|Any CPU
		{96E48A4D-FE4E-4D6D-89E4-F820A3876B60}.Debug|Any CPU.Build.0 = Debug|Any CPU
		{96E48A4D-FE4E-4D6D-89E4-F820A3876B60}.Release|Any CPU.ActiveCfg = Release|Any CPU
		{96E48A4D-FE4E-4D6D-89E4-F820A3876B60}.Release|Any CPU.Build.0 = Release|Any CPU
		{8B6DA161-CE29-40DD-AAA3-3C2C80C09C6C}.Debug|Any CPU.ActiveCfg = Debug|Any CPU
		{8B6DA161-CE29-40DD-AAA3-3C2C80C09C6C}.Debug|Any CPU.Build.0 = Debug|Any CPU
		{8B6DA161-CE29-40DD-AAA3-3C2C80C09C6C}.Release|Any CPU.ActiveCfg = Release|Any CPU
		{8B6DA161-CE29-40DD-AAA3-3C2C80C09C6C}.Release|Any CPU.Build.0 = Release|Any CPU
	EndGlobalSection
EndGlobal
